
Microsoft Visual Studio Solution File, Format Version 12.00
# Visual Studio Version 17
VisualStudioVersion = 17.14.36429.23
MinimumVisualStudioVersion = 10.0.40219.1
Project("{FAE04EC0-301F-11D3-BF4B-00C04F79EFBC}") = "Gestion_de_Labs", "Gestion_de_Labs\Gestion_de_Labs.csproj", "{0A47E6CE-30D8-477A-A3F2-1B734D425AAA}"
EndProject
Global
	GlobalSection(SolutionConfigurationPlatforms) = preSolution
		Debug|Any CPU = Debug|Any CPU
		Release|Any CPU = Release|Any CPU
	EndGlobalSection
	GlobalSection(ProjectConfigurationPlatforms) = postSolution
		{0A47E6CE-30D8-477A-A3F2-1B734D425AAA}.Debug|Any CPU.ActiveCfg = Debug|Any CPU
		{0A47E6CE-30D8-477A-A3F2-1B734D425AAA}.Debug|Any CPU.Build.0 = Debug|Any CPU
		{0A47E6CE-30D8-477A-A3F2-1B734D425AAA}.Release|Any CPU.ActiveCfg = Release|Any CPU
		{0A47E6CE-30D8-477A-A3F2-1B734D425AAA}.Release|Any CPU.Build.0 = Release|Any CPU
	EndGlobalSection
	GlobalSection(SolutionProperties) = preSolution
		HideSolutionNode = FALSE
	EndGlobalSection
	GlobalSection(ExtensibilityGlobals) = postSolution
		SolutionGuid = {E169F278-53B3-459B-8FA1-B0ACADADB0DB}
	EndGlobalSection
EndGlobal
